// !$*UTF8*$!
{
	archiveVersion = 1;
	classes = {
	};
	objectVersion = 46;
	objects = {

/* Begin PBXBuildFile section */
		37E674591EF9668F00559DE1 /* AppDelegate.swift in Sources */ = {isa = PBXBuildFile; fileRef = 37E674581EF9668F00559DE1 /* AppDelegate.swift */; };
		37E6745B1EF9668F00559DE1 /* MasterViewController.swift in Sources */ = {isa = PBXBuildFile; fileRef = 37E6745A1EF9668F00559DE1 /* MasterViewController.swift */; };
		37E6745D1EF9668F00559DE1 /* DetailViewController.swift in Sources */ = {isa = PBXBuildFile; fileRef = 37E6745C1EF9668F00559DE1 /* DetailViewController.swift */; };
		37E674601EF9668F00559DE1 /* Main.storyboard in Resources */ = {isa = PBXBuildFile; fileRef = 37E6745E1EF9668F00559DE1 /* Main.storyboard */; };
		37E674621EF9668F00559DE1 /* Assets.xcassets in Resources */ = {isa = PBXBuildFile; fileRef = 37E674611EF9668F00559DE1 /* Assets.xcassets */; };
		37E674651EF9668F00559DE1 /* LaunchScreen.storyboard in Resources */ = {isa = PBXBuildFile; fileRef = 37E674631EF9668F00559DE1 /* LaunchScreen.storyboard */; };
/* End PBXBuildFile section */

/* Begin PBXFileReference section */
		37E674551EF9668F00559DE1 /* KeyArchiverExercise.app */ = {isa = PBXFileReference; explicitFileType = wrapper.application; includeInIndex = 0; path = KeyArchiverExercise.app; sourceTree = BUILT_PRODUCTS_DIR; };
		37E674581EF9668F00559DE1 /* AppDelegate.swift */ = {isa = PBXFileReference; lastKnownFileType = sourcecode.swift; path = AppDelegate.swift; sourceTree = "<group>"; };
		37E6745A1EF9668F00559DE1 /* MasterViewController.swift */ = {isa = PBXFileReference; lastKnownFileType = sourcecode.swift; path = MasterViewController.swift; sourceTree = "<group>"; };
		37E6745C1EF9668F00559DE1 /* DetailViewController.swift */ = {isa = PBXFileReference; lastKnownFileType = sourcecode.swift; path = DetailViewController.swift; sourceTree = "<group>"; };
		37E6745F1EF9668F00559DE1 /* Base */ = {isa = PBXFileReference; lastKnownFileType = file.storyboard; name = Base; path = Base.lproj/Main.storyboard; sourceTree = "<group>"; };
		37E674611EF9668F00559DE1 /* Assets.xcassets */ = {isa = PBXFileReference; lastKnownFileType = folder.assetcatalog; path = Assets.xcassets; sourceTree = "<group>"; };
		37E674641EF9668F00559DE1 /* Base */ = {isa = PBXFileReference; lastKnownFileType = file.storyboard; name = Base; path = Base.lproj/LaunchScreen.storyboard; sourceTree = "<group>"; };
		37E674661EF9668F00559DE1 /* Info.plist */ = {isa = PBXFileReference; lastKnownFileType = text.plist.xml; path = Info.plist; sourceTree = "<group>"; };
/* End PBXFileReference section */

/* Begin PBXFrameworksBuildPhase section */
		37E674521EF9668F00559DE1 /* Frameworks */ = {
			isa = PBXFrameworksBuildPhase;
			buildActionMask = 2147483647;
			files = (
			);
			runOnlyForDeploymentPostprocessing = 0;
		};
/* End PBXFrameworksBuildPhase section */

/* Begin PBXGroup section */
		37E6744C1EF9668F00559DE1 = {
			isa = PBXGroup;
			children = (
				37E674571EF9668F00559DE1 /* KeyArchiverExercise */,
				37E674561EF9668F00559DE1 /* Products */,
			);
			sourceTree = "<group>";
		};
		37E674561EF9668F00559DE1 /* Products */ = {
			isa = PBXGroup;
			children = (
				37E674551EF9668F00559DE1 /* KeyArchiverExercise.app */,
			);
			name = Products;
			sourceTree = "<group>";
		};
		37E674571EF9668F00559DE1 /* KeyArchiverExercise */ = {
			isa = PBXGroup;
			children = (
				37E674581EF9668F00559DE1 /* AppDelegate.swift */,
				37E6745A1EF9668F00559DE1 /* MasterViewController.swift */,
				37E6745C1EF9668F00559DE1 /* DetailViewController.swift */,
				37E6745E1EF9668F00559DE1 /* Main.storyboard */,
				37E674611EF9668F00559DE1 /* Assets.xcassets */,
				37E674631EF9668F00559DE1 /* LaunchScreen.storyboard */,
				37E674661EF9668F00559DE1 /* Info.plist */,
			);
			path = KeyArchiverExercise;
			sourceTree = "<group>";
		};
/* End PBXGroup section */

/* Begin PBXNativeTarget section */
		37E674541EF9668F00559DE1 /* KeyArchiverExercise */ = {
			isa = PBXNativeTarget;
			buildConfigurationList = 37E674691EF9668F00559DE1 /* Build configuration list for PBXNativeTarget "KeyArchiverExercise" */;
			buildPhases = (
				37E674511EF9668F00559DE1 /* Sources */,
				37E674521EF9668F00559DE1 /* Frameworks */,
				37E674531EF9668F00559DE1 /* Resources */,
			);
			buildRules = (
			);
			dependencies = (
			);
			name = KeyArchiverExercise;
			productName = KeyArchiverExercise;
			productReference = 37E674551EF9668F00559DE1 /* KeyArchiverExercise.app */;
			productType = "com.apple.product-type.application";
		};
/* End PBXNativeTarget section */

/* Begin PBXProject section */
		37E6744D1EF9668F00559DE1 /* Project object */ = {
			isa = PBXProject;
			attributes = {
				LastSwiftUpdateCheck = 0830;
				LastUpgradeCheck = 0830;
				ORGANIZATIONNAME = iShinobi;
				TargetAttributes = {
					37E674541EF9668F00559DE1 = {
						CreatedOnToolsVersion = 8.3.3;
						DevelopmentTeam = WZFHSP6QD4;
						ProvisioningStyle = Automatic;
					};
				};
			};
			buildConfigurationList = 37E674501EF9668F00559DE1 /* Build configuration list for PBXProject "KeyArchiverExercise" */;
			compatibilityVersion = "Xcode 3.2";
			developmentRegion = English;
			hasScannedForEncodings = 0;
			knownRegions = (
				en,
				Base,
			);
			mainGroup = 37E6744C1EF9668F00559DE1;
			productRefGroup = 37E674561EF9668F00559DE1 /* Products */;
			projectDirPath = "";
			projectRoot = "";
			targets = (
				37E674541EF9668F00559DE1 /* KeyArchiverExercise */,
			);
		};
/* End PBXProject section */

/* Begin PBXResourcesBuildPhase section */
		37E674531EF9668F00559DE1 /* Resources */ = {
			isa = PBXResourcesBuildPhase;
			buildActionMask = 2147483647;
			files = (
				37E674651EF9668F00559DE1 /* LaunchScreen.storyboard in Resources */,
				37E674621EF9668F00559DE1 /* Assets.xcassets in Resources */,
				37E674601EF9668F00559DE1 /* Main.storyboard in Resources */,
			);
			runOnlyForDeploymentPostprocessing = 0;
		};
/* End PBXResourcesBuildPhase section */

/* Begin PBXSourcesBuildPhase section */
		37E674511EF9668F00559DE1 /* Sources */ = {
			isa = PBXSourcesBuildPhase;
			buildActionMask = 2147483647;
			files = (
				37E6745D1EF9668F00559DE1 /* DetailViewController.swift in Sources */,
				37E6745B1EF9668F00559DE1 /* MasterViewController.swift in Sources */,
				37E674591EF9668F00559DE1 /* AppDelegate.swift in Sources */,
			);
			runOnlyForDeploymentPostprocessing = 0;
		};
/* End PBXSourcesBuildPhase section */

/* Begin PBXVariantGroup section */
		37E6745E1EF9668F00559DE1 /* Main.storyboard */ = {
			isa = PBXVariantGroup;
			children = (
				37E6745F1EF9668F00559DE1 /* Base */,
			);
			name = Main.storyboard;
			sourceTree = "<group>";
		};
		37E674631EF9668F00559DE1 /* LaunchScreen.storyboard */ = {
			isa = PBXVariantGroup;
			children = (
				37E674641EF9668F00559DE1 /* Base */,
			);
			name = LaunchScreen.storyboard;
			sourceTree = "<group>";
		};
/* End PBXVariantGroup section */

/* Begin XCBuildConfiguration section */
		37E674671EF9668F00559DE1 /* Debug */ = {
			isa = XCBuildConfiguration;
			buildSettings = {
				ALWAYS_SEARCH_USER_PATHS = NO;
				CLANG_ANALYZER_NONNULL = YES;
				CLANG_ANALYZER_NUMBER_OBJECT_CONVERSION = YES_AGGRESSIVE;
				CLANG_CXX_LANGUAGE_STANDARD = "gnu++0x";
				CLANG_CXX_LIBRARY = "libc++";
				CLANG_ENABLE_MODULES = YES;
				CLANG_ENABLE_OBJC_ARC = YES;
				CLANG_WARN_BOOL_CONVERSION = YES;
				CLANG_WARN_CONSTANT_CONVERSION = YES;
				CLANG_WARN_DIRECT_OBJC_ISA_USAGE = YES_ERROR;
				CLANG_WARN_DOCUMENTATION_COMMENTS = YES;
				CLANG_WARN_EMPTY_BODY = YES;
				CLANG_WARN_ENUM_CONVERSION = YES;
				CLANG_WARN_INFINITE_RECURSION = YES;
				CLANG_WARN_INT_CONVERSION = YES;
				CLANG_WARN_OBJC_ROOT_CLASS = YES_ERROR;
				CLANG_WARN_SUSPICIOUS_MOVE = YES;
				CLANG_WARN_UNREACHABLE_CODE = YES;
				CLANG_WARN__DUPLICATE_METHOD_MATCH = YES;
				"CODE_SIGN_IDENTITY[sdk=iphoneos*]" = "iPhone Developer";
				COPY_PHASE_STRIP = NO;
				DEBUG_INFORMATION_FORMAT = dwarf;
				ENABLE_STRICT_OBJC_MSGSEND = YES;
				ENABLE_TESTABILITY = YES;
				GCC_C_LANGUAGE_STANDARD = gnu99;
				GCC_DYNAMIC_NO_PIC = NO;
				GCC_NO_COMMON_BLOCKS = YES;
				GCC_OPTIMIZATION_LEVEL = 0;
				GCC_PREPROCESSOR_DEFINITIONS = (
					"DEBUG=1",
					"$(inherited)",
				);
				GCC_WARN_64_TO_32_BIT_CONVERSION = YES;
				GCC_WARN_ABOUT_RETURN_TYPE = YES_ERROR;
				GCC_WARN_UNDECLARED_SELECTOR = YES;
				GCC_WARN_UNINITIALIZED_AUTOS = YES_AGGRESSIVE;
				GCC_WARN_UNUSED_FUNCTION = YES;
				GCC_WARN_UNUSED_VARIABLE = YES;
				IPHONEOS_DEPLOYMENT_TARGET = 10.3;
				MTL_ENABLE_DEBUG_INFO = YES;
				ONLY_ACTIVE_ARCH = YES;
				SDKROOT = iphoneos;
				SWIFT_ACTIVE_COMPILATION_CONDITIONS = DEBUG;
				SWIFT_OPTIMIZATION_LEVEL = "-Onone";
				TARGETED_DEVICE_FAMILY = "1,2";
			};
			name = Debug;
		};
		37E674681EF9668F00559DE1 /* Release */ = {
			isa = XCBuildConfiguration;
			buildSettings = {
				ALWAYS_SEARCH_USER_PATHS = NO;
				CLANG_ANALYZER_NONNULL = YES;
				CLANG_ANALYZER_NUMBER_OBJECT_CONVERSION = YES_AGGRESSIVE;
				CLANG_CXX_LANGUAGE_STANDARD = "gnu++0x";
				CLANG_CXX_LIBRARY = "libc++";
				CLANG_ENABLE_MODULES = YES;
				CLANG_ENABLE_OBJC_ARC = YES;
				CLANG_WARN_BOOL_CONVERSION = YES;
				CLANG_WARN_CONSTANT_CONVERSION = YES;
				CLANG_WARN_DIRECT_OBJC_ISA_USAGE = YES_ERROR;
				CLANG_WARN_DOCUMENTATION_COMMENTS = YES;
				CLANG_WARN_EMPTY_BODY = YES;
				CLANG_WARN_ENUM_CONVERSION = YES;
				CLANG_WARN_INFINITE_RECURSION = YES;
				CLANG_WARN_INT_CONVERSION = YES;
				CLANG_WARN_OBJC_ROOT_CLASS = YES_ERROR;
				CLANG_WARN_SUSPICIOUS_MOVE = YES;
				CLANG_WARN_UNREACHABLE_CODE = YES;
				CLANG_WARN__DUPLICATE_METHOD_MATCH = YES;
				"CODE_SIGN_IDENTITY[sdk=iphoneos*]" = "iPhone Developer";
				COPY_PHASE_STRIP = NO;
				DEBUG_INFORMATION_FORMAT = "dwarf-with-dsym";
				ENABLE_NS_ASSERTIONS = NO;
				ENABLE_STRICT_OBJC_MSGSEND = YES;
				GCC_C_LANGUAGE_STANDARD = gnu99;
				GCC_NO_COMMON_BLOCKS = YES;
				GCC_WARN_64_TO_32_BIT_CONVERSION = YES;
				GCC_WARN_ABOUT_RETURN_TYPE = YES_ERROR;
				GCC_WARN_UNDECLARED_SELECTOR = YES;
				GCC_WARN_UNINITIALIZED_AUTOS = YES_AGGRESSIVE;
				GCC_WARN_UNUSED_FUNCTION = YES;
				GCC_WARN_UNUSED_VARIABLE = YES;
				IPHONEOS_DEPLOYMENT_TARGET = 10.3;
				MTL_ENABLE_DEBUG_INFO = NO;
				SDKROOT = iphoneos;
				SWIFT_OPTIMIZATION_LEVEL = "-Owholemodule";
				TARGETED_DEVICE_FAMILY = "1,2";
				VALIDATE_PRODUCT = YES;
			};
			name = Release;
		};
		37E6746A1EF9668F00559DE1 /* Debug */ = {
			isa = XCBuildConfiguration;
			buildSettings = {
				ASSETCATALOG_COMPILER_APPICON_NAME = AppIcon;
				DEVELOPMENT_TEAM = WZFHSP6QD4;
				INFOPLIST_FILE = KeyArchiverExercise/Info.plist;
				LD_RUNPATH_SEARCH_PATHS = "$(inherited) @executable_path/Frameworks";
				PRODUCT_BUNDLE_IDENTIFIER = ninja.pragprog.careerfoundry.KeyArchiverExercise;
				PRODUCT_NAME = "$(TARGET_NAME)";
				SWIFT_VERSION = 3.0;
			};
			name = Debug;
		};
		37E6746B1EF9668F00559DE1 /* Release */ = {
			isa = XCBuildConfiguration;
			buildSettings = {
				ASSETCATALOG_COMPILER_APPICON_NAME = AppIcon;
				DEVELOPMENT_TEAM = WZFHSP6QD4;
				INFOPLIST_FILE = KeyArchiverExercise/Info.plist;
				LD_RUNPATH_SEARCH_PATHS = "$(inherited) @executable_path/Frameworks";
				PRODUCT_BUNDLE_IDENTIFIER = ninja.pragprog.careerfoundry.KeyArchiverExercise;
				PRODUCT_NAME = "$(TARGET_NAME)";
				SWIFT_VERSION = 3.0;
			};
			name = Release;
		};
/* End XCBuildConfiguration section */

/* Begin XCConfigurationList section */
		37E674501EF9668F00559DE1 /* Build configuration list for PBXProject "KeyArchiverExercise" */ = {
			isa = XCConfigurationList;
			buildConfigurations = (
				37E674671EF9668F00559DE1 /* Debug */,
				37E674681EF9668F00559DE1 /* Release */,
			);
			defaultConfigurationIsVisible = 0;
			defaultConfigurationName = Release;
		};
		37E674691EF9668F00559DE1 /* Build configuration list for PBXNativeTarget "KeyArchiverExercise" */ = {
			isa = XCConfigurationList;
			buildConfigurations = (
				37E6746A1EF9668F00559DE1 /* Debug */,
				37E6746B1EF9668F00559DE1 /* Release */,
			);
			defaultConfigurationIsVisible = 0;
		};
/* End XCConfigurationList section */
	};
	rootObject = 37E6744D1EF9668F00559DE1 /* Project object */;
}
